<?xml version="1.0" encoding="utf-8"?>
<Project ToolsVersion="4.0" xmlns="http://schemas.microsoft.com/developer/msbuild/2003">
  <ItemGroup>
    <Filter Include="Source Files">
      <UniqueIdentifier>{4FC737F1-C7A5-4376-A066-2A32D752A2FF}</UniqueIdentifier>
      <Extensions>cpp;c;cc;cxx;def;odl;idl;hpj;bat;asm;asmx</Extensions>
    </Filter>
    <Filter Include="Resource Files">
      <UniqueIdentifier>{67DA6AB6-F800-4c08-8B7A-83BB121AAD01}</UniqueIdentifier>
      <Extensions>rc;ico;cur;bmp;dlg;rc2;rct;bin;rgs;gif;jpg;jpeg;jpe;resx;tiff;tif;png;wav;mfcribbon-ms</Extensions>
    </Filter>
    <Filter Include="Source Files\anim">
      <UniqueIdentifier>{e55c8437-4803-4562-9a86-c3e994f6bdfc}</UniqueIdentifier>
    </Filter>
    <Filter Include="Source Files\render">
      <UniqueIdentifier>{3aff0a19-0fcf-43f1-86ea-49389495a143}</UniqueIdentifier>
    </Filter>
    <Filter Include="Source Files\scenarios">
      <UniqueIdentifier>{5a2bc163-43dc-4ba7-94ca-3ed1eab06576}</UniqueIdentifier>
    </Filter>
    <Filter Include="Source Files\sim">
      <UniqueIdentifier>{43997498-e3a6-4a9a-9787-f60864ebf175}</UniqueIdentifier>
    </Filter>
    <Filter Include="Source Files\util">
      <UniqueIdentifier>{4fc92839-fbf6-4848-bdfc-e6b8cb41ba91}</UniqueIdentifier>
    </Filter>
    <Filter Include="Source Files\learning">
      <UniqueIdentifier>{96155ac8-f064-401c-b85e-c466b4f35723}</UniqueIdentifier>
    </Filter>
    <Filter Include="Source Files\caffe">
      <UniqueIdentifier>{ac56985d-da5a-4e6f-afb2-a5fb6633c16a}</UniqueIdentifier>
    </Filter>
    <Filter Include="Source Files\caffe\layers">
      <UniqueIdentifier>{2e2473bd-c93d-4e34-aec4-9ac9763b10e6}</UniqueIdentifier>
    </Filter>
    <Filter Include="Source Files\caffe\proto">
      <UniqueIdentifier>{ee52a4e5-c8cf-4380-b9b9-405aa5285d21}</UniqueIdentifier>
    </Filter>
    <Filter Include="Source Files\caffe\util">
      <UniqueIdentifier>{c0d50e21-b031-4c9c-a677-e9a1c79d121d}</UniqueIdentifier>
    </Filter>
    <Filter Include="Source Files\render\shaders">
      <UniqueIdentifier>{29c6a826-df4c-41d2-9529-a7304ee34dfa}</UniqueIdentifier>
    </Filter>
    <Filter Include="Source Files\caffe\solvers">
      <UniqueIdentifier>{74631267-c97c-4288-b7d3-45b2f6dfe1fa}</UniqueIdentifier>
    </Filter>
  </ItemGroup>
  <ItemGroup>
    <ClCompile Include="Main.cpp">
      <Filter>Source Files</Filter>
    </ClCompile>
    <ClCompile Include="anim\IKSolver.cpp">
      <Filter>Source Files\anim</Filter>
    </ClCompile>
    <ClCompile Include="anim\KinCharacter.cpp">
      <Filter>Source Files\anim</Filter>
    </ClCompile>
    <ClCompile Include="anim\KinTree.cpp">
      <Filter>Source Files\anim</Filter>
    </ClCompile>
    <ClCompile Include="anim\Motion.cpp">
      <Filter>Source Files\anim</Filter>
    </ClCompile>
    <ClCompile Include="anim\Character.cpp">
      <Filter>Source Files\anim</Filter>
    </ClCompile>
    <ClCompile Include="render\DrawUtil.cpp">
      <Filter>Source Files\render</Filter>
    </ClCompile>
    <ClCompile Include="render\Camera.cpp">
      <Filter>Source Files\render</Filter>
    </ClCompile>
    <ClCompile Include="render\DrawObj.cpp">
      <Filter>Source Files\render</Filter>
    </ClCompile>
    <ClCompile Include="scenarios\DrawScenarioSimChar.cpp">
      <Filter>Source Files\scenarios</Filter>
    </ClCompile>
    <ClCompile Include="scenarios\Scenario.cpp">
      <Filter>Source Files\scenarios</Filter>
    </ClCompile>
    <ClCompile Include="scenarios\ScenarioSimChar.cpp">
      <Filter>Source Files\scenarios</Filter>
    </ClCompile>
    <ClCompile Include="scenarios\DrawScenario.cpp">
      <Filter>Source Files\scenarios</Filter>
    </ClCompile>
    <ClCompile Include="sim\CharController.cpp">
      <Filter>Source Files\sim</Filter>
    </ClCompile>
    <ClCompile Include="sim\ContactManager.cpp">
      <Filter>Source Files\sim</Filter>
    </ClCompile>
    <ClCompile Include="sim\Controller.cpp">
      <Filter>Source Files\sim</Filter>
    </ClCompile>
    <ClCompile Include="sim\DogController.cpp">
      <Filter>Source Files\sim</Filter>
    </ClCompile>
    <ClCompile Include="sim\FSMController.cpp">
      <Filter>Source Files\sim</Filter>
    </ClCompile>
    <ClCompile Include="sim\ImpPDController.cpp">
      <Filter>Source Files\sim</Filter>
    </ClCompile>
    <ClCompile Include="sim\Joint.cpp">
      <Filter>Source Files\sim</Filter>
    </ClCompile>
    <ClCompile Include="sim\PDController.cpp">
      <Filter>Source Files\sim</Filter>
    </ClCompile>
    <ClCompile Include="sim\RBDUtil.cpp">
      <Filter>Source Files\sim</Filter>
    </ClCompile>
    <ClCompile Include="sim\SimBox.cpp">
      <Filter>Source Files\sim</Filter>
    </ClCompile>
    <ClCompile Include="sim\SimCapsule.cpp">
      <Filter>Source Files\sim</Filter>
    </ClCompile>
    <ClCompile Include="sim\SimCharacter.cpp">
      <Filter>Source Files\sim</Filter>
    </ClCompile>
    <ClCompile Include="sim\SimDog.cpp">
      <Filter>Source Files\sim</Filter>
    </ClCompile>
    <ClCompile Include="sim\SimObj.cpp">
      <Filter>Source Files\sim</Filter>
    </ClCompile>
    <ClCompile Include="sim\SimPlane.cpp">
      <Filter>Source Files\sim</Filter>
    </ClCompile>
    <ClCompile Include="sim\World.cpp">
      <Filter>Source Files\sim</Filter>
    </ClCompile>
    <ClCompile Include="util\IndexManager.cpp">
      <Filter>Source Files\util</Filter>
    </ClCompile>
    <ClCompile Include="util\MathUtil.cpp">
      <Filter>Source Files\util</Filter>
    </ClCompile>
    <ClCompile Include="util\Rand.cpp">
      <Filter>Source Files\util</Filter>
    </ClCompile>
    <ClCompile Include="util\Trajectory.cpp">
      <Filter>Source Files\util</Filter>
    </ClCompile>
    <ClCompile Include="util\ArgParser.cpp">
      <Filter>Source Files\util</Filter>
    </ClCompile>
    <ClCompile Include="util\FileUtil.cpp">
      <Filter>Source Files\util</Filter>
    </ClCompile>
    <ClCompile Include="util\JsonUtil.cpp">
      <Filter>Source Files\util</Filter>
    </ClCompile>
    <ClCompile Include="sim\RBDModel.cpp">
      <Filter>Source Files\sim</Filter>
    </ClCompile>
    <ClCompile Include="sim\SpAlg.cpp">
      <Filter>Source Files\sim</Filter>
    </ClCompile>
    <ClCompile Include="sim\Perturb.cpp">
      <Filter>Source Files\sim</Filter>
    </ClCompile>
    <ClCompile Include="render\DrawKinTree.cpp">
      <Filter>Source Files\render</Filter>
    </ClCompile>
    <ClCompile Include="render\DrawCharacter.cpp">
      <Filter>Source Files\render</Filter>
    </ClCompile>
    <ClCompile Include="render\DrawSimCharacter.cpp">
      <Filter>Source Files\render</Filter>
    </ClCompile>
    <ClCompile Include="render\DrawPerturb.cpp">
      <Filter>Source Files\render</Filter>
    </ClCompile>
    <ClCompile Include="render\DrawWorld.cpp">
      <Filter>Source Files\render</Filter>
    </ClCompile>
    <ClCompile Include="scenarios\DrawScenarioSimInteractive.cpp">
      <Filter>Source Files\scenarios</Filter>
    </ClCompile>
    <ClCompile Include="sim\PerturbManager.cpp">
      <Filter>Source Files\sim</Filter>
    </ClCompile>
    <ClCompile Include="sim\Ground.cpp">
      <Filter>Source Files\sim</Filter>
    </ClCompile>
    <ClCompile Include="render\DrawGround.cpp">
      <Filter>Source Files\render</Filter>
    </ClCompile>
    <ClCompile Include="sim\GroundVar2D.cpp">
      <Filter>Source Files\sim</Filter>
    </ClCompile>
    <ClCompile Include="sim\GroundFlat.cpp">
      <Filter>Source Files\sim</Filter>
    </ClCompile>
    <ClCompile Include="sim\TerrainGen2D.cpp">
      <Filter>Source Files\sim</Filter>
    </ClCompile>
    <ClCompile Include="scenarios\ScenarioExp.cpp">
      <Filter>Source Files\scenarios</Filter>
    </ClCompile>
    <ClCompile Include="scenarios\DrawScenarioExp.cpp">
      <Filter>Source Files\scenarios</Filter>
    </ClCompile>
    <ClCompile Include="learning\ExpTuple.cpp">
      <Filter>Source Files\learning</Filter>
    </ClCompile>
    <ClCompile Include="sim\NNController.cpp">
      <Filter>Source Files\sim</Filter>
    </ClCompile>
    <ClCompile Include="learning\QNetTrainer.cpp">
      <Filter>Source Files\learning</Filter>
    </ClCompile>
    <ClCompile Include="learning\NeuralNet.cpp">
      <Filter>Source Files\learning</Filter>
    </ClCompile>
    <ClCompile Include="scenarios\ScenarioTrain.cpp">
      <Filter>Source Files\scenarios</Filter>
    </ClCompile>
    <ClCompile Include="scenarios\DrawScenarioTrain.cpp">
      <Filter>Source Files\scenarios</Filter>
    </ClCompile>
    <ClCompile Include="sim\SimCharSoftFall.cpp">
      <Filter>Source Files\sim</Filter>
    </ClCompile>
    <ClCompile Include="scenarios\ScenarioPoliEval.cpp">
      <Filter>Source Files\scenarios</Filter>
    </ClCompile>
    <ClCompile Include="scenarios\DrawScenarioPoliEval.cpp">
      <Filter>Source Files\scenarios</Filter>
    </ClCompile>
    <ClCompile Include="sim\CharTracer.cpp">
      <Filter>Source Files\sim</Filter>
    </ClCompile>
    <ClCompile Include="learning\NeuralNetTrainer.cpp">
      <Filter>Source Files\learning</Filter>
    </ClCompile>
    <ClCompile Include="learning\CaclaTrainer.cpp">
      <Filter>Source Files\learning</Filter>
    </ClCompile>
    <ClCompile Include="scenarios\ScenarioTrainCacla.cpp">
      <Filter>Source Files\scenarios</Filter>
    </ClCompile>
    <ClCompile Include="scenarios\DrawScenarioTrainCacla.cpp">
      <Filter>Source Files\scenarios</Filter>
    </ClCompile>
    <ClCompile Include="scenarios\ScenarioExpCacla.cpp">
      <Filter>Source Files\scenarios</Filter>
    </ClCompile>
    <ClCompile Include="scenarios\DrawScenarioExpCacla.cpp">
      <Filter>Source Files\scenarios</Filter>
    </ClCompile>
    <ClCompile Include="render\TextureUtil.cpp">
      <Filter>Source Files\render</Filter>
    </ClCompile>
    <ClCompile Include="render\TextureDesc.cpp">
      <Filter>Source Files\render</Filter>
    </ClCompile>
    <ClCompile Include="sim\SimRaptor.cpp">
      <Filter>Source Files\sim</Filter>
    </ClCompile>
    <ClCompile Include="sim\RaptorController.cpp">
      <Filter>Source Files\sim</Filter>
    </ClCompile>
    <ClCompile Include="render\GraphUtil.cpp">
      <Filter>Source Files\render</Filter>
    </ClCompile>
    <ClCompile Include="sim\BaseControllerQ.cpp">
      <Filter>Source Files\sim</Filter>
    </ClCompile>
    <ClCompile Include="sim\TerrainRLCharController.cpp">
      <Filter>Source Files\sim</Filter>
    </ClCompile>
    <ClCompile Include="sim\DogControllerQ.cpp">
      <Filter>Source Files\sim</Filter>
    </ClCompile>
    <ClCompile Include="sim\DogControllerCacla.cpp">
      <Filter>Source Files\sim</Filter>
    </ClCompile>
    <ClCompile Include="sim\BaseControllerCacla.cpp">
      <Filter>Source Files\sim</Filter>
    </ClCompile>
    <ClCompile Include="sim\BaseControllerMACE.cpp">
      <Filter>Source Files\sim</Filter>
    </ClCompile>
    <ClCompile Include="sim\DogControllerMACE.cpp">
      <Filter>Source Files\sim</Filter>
    </ClCompile>
    <ClCompile Include="sim\RaptorControllerQ.cpp">
      <Filter>Source Files\sim</Filter>
    </ClCompile>
    <ClCompile Include="sim\RaptorControllerCacla.cpp">
      <Filter>Source Files\sim</Filter>
    </ClCompile>
    <ClCompile Include="sim\RaptorControllerMACE.cpp">
      <Filter>Source Files\sim</Filter>
    </ClCompile>
    <ClCompile Include="sim\GoatControllerMACE.cpp">
      <Filter>Source Files\sim</Filter>
    </ClCompile>
    <ClCompile Include="learning\MACETrainer.cpp">
      <Filter>Source Files\learning</Filter>
    </ClCompile>
    <ClCompile Include="scenarios\DrawScenarioTrainMACE.cpp">
      <Filter>Source Files\scenarios</Filter>
    </ClCompile>
    <ClCompile Include="scenarios\ScenarioExpMACE.cpp">
      <Filter>Source Files\scenarios</Filter>
    </ClCompile>
    <ClCompile Include="scenarios\ScenarioTrainMACE.cpp">
      <Filter>Source Files\scenarios</Filter>
    </ClCompile>
    <ClCompile Include="scenarios\DrawScenarioExpMACE.cpp">
      <Filter>Source Files\scenarios</Filter>
    </ClCompile>
    <ClCompile Include="learning\MACETrainer.cpp">
      <Filter>Source Files</Filter>
    </ClCompile>
    <ClCompile Include="learning\MACETrainer.cpp">
      <Filter>Source Files</Filter>
    </ClCompile>
    <ClCompile Include="learning\MACETrainer.cpp">
      <Filter>Source Files</Filter>
    </ClCompile>
    <ClCompile Include="util\Util.cpp">
      <Filter>Source Files\util</Filter>
    </ClCompile>
    <ClCompile Include="learning\MACETrainer.cpp">
      <Filter>Source Files</Filter>
    </ClCompile>
    <ClCompile Include="learning\MACETrainer.cpp">
      <Filter>Source Files\learning</Filter>
    </ClCompile>
    <ClCompile Include="learning\ACLearner.cpp">
      <Filter>Source Files\learning</Filter>
    </ClCompile>
    <ClCompile Include="learning\NeuralNetLearner.cpp">
      <Filter>Source Files\learning</Filter>
    </ClCompile>
    <ClCompile Include="learning\ACTrainer.cpp">
      <Filter>Source Files\learning</Filter>
    </ClCompile>
    <ClCompile Include="learning\NNSolver.cpp">
      <Filter>Source Files\learning</Filter>
    </ClCompile>
    <ClCompile Include="learning\ParamServer.cpp">
      <Filter>Source Files\learning</Filter>
    </ClCompile>
    <ClCompile Include="learning\TrainerInterface.cpp">
      <Filter>Source Files\learning</Filter>
    </ClCompile>
    <ClCompile Include="learning\AsyncMACETrainer.cpp">
      <Filter>Source Files\learning</Filter>
    </ClCompile>
    <ClCompile Include="learning\AsyncQNetTrainer.cpp">
      <Filter>Source Files\learning</Filter>
    </ClCompile>
    <ClCompile Include="learning\AsyncTrainer.cpp">
      <Filter>Source Files\learning</Filter>
    </ClCompile>
    <ClCompile Include="learning\AsyncACTrainer.cpp">
      <Filter>Source Files\learning</Filter>
    </ClCompile>
    <ClCompile Include="learning\AsyncCaclaTrainer.cpp">
      <Filter>Source Files\learning</Filter>
    </ClCompile>
    <ClCompile Include="..\library\caffe\src\caffe\net.cpp">
      <Filter>Source Files\caffe</Filter>
    </ClCompile>
    <ClCompile Include="..\library\caffe\src\caffe\parallel.cpp">
      <Filter>Source Files\caffe</Filter>
    </ClCompile>
    <ClCompile Include="..\library\caffe\src\caffe\solver.cpp">
      <Filter>Source Files\caffe</Filter>
    </ClCompile>
    <ClCompile Include="..\library\caffe\src\caffe\syncedmem.cpp">
      <Filter>Source Files\caffe</Filter>
    </ClCompile>
    <ClCompile Include="..\library\caffe\src\caffe\common.cpp">
      <Filter>Source Files\caffe</Filter>
    </ClCompile>
    <ClCompile Include="..\library\caffe\src\caffe\data_reader.cpp">
      <Filter>Source Files\caffe</Filter>
    </ClCompile>
    <ClCompile Include="..\library\caffe\src\caffe\data_transformer.cpp">
      <Filter>Source Files\caffe</Filter>
    </ClCompile>
    <ClCompile Include="..\library\caffe\src\caffe\internal_thread.cpp">
      <Filter>Source Files\caffe</Filter>
    </ClCompile>
    <ClCompile Include="..\library\caffe\src\caffe\layer.cpp">
      <Filter>Source Files\caffe</Filter>
    </ClCompile>
    <ClCompile Include="..\library\caffe\src\caffe\layer_factory.cpp">
      <Filter>Source Files\caffe</Filter>
    </ClCompile>
    <ClCompile Include="..\library\caffe\src\caffe\blob.cpp">
      <Filter>Source Files\caffe</Filter>
    </ClCompile>
    <ClCompile Include="..\library\caffe\src\caffe\layers\tile_layer.cpp">
      <Filter>Source Files\caffe\layers</Filter>
    </ClCompile>
    <ClCompile Include="..\library\caffe\src\caffe\layers\window_data_layer.cpp">
      <Filter>Source Files\caffe\layers</Filter>
    </ClCompile>
    <ClCompile Include="..\library\caffe\src\caffe\layers\absval_layer.cpp">
      <Filter>Source Files\caffe\layers</Filter>
    </ClCompile>
    <ClCompile Include="..\library\caffe\src\caffe\layers\accuracy_layer.cpp">
      <Filter>Source Files\caffe\layers</Filter>
    </ClCompile>
    <ClCompile Include="..\library\caffe\src\caffe\layers\argmax_layer.cpp">
      <Filter>Source Files\caffe\layers</Filter>
    </ClCompile>
    <ClCompile Include="..\library\caffe\src\caffe\layers\base_conv_layer.cpp">
      <Filter>Source Files\caffe\layers</Filter>
    </ClCompile>
    <ClCompile Include="..\library\caffe\src\caffe\layers\base_data_layer.cpp">
      <Filter>Source Files\caffe\layers</Filter>
    </ClCompile>
    <ClCompile Include="..\library\caffe\src\caffe\layers\batch_norm_layer.cpp">
      <Filter>Source Files\caffe\layers</Filter>
    </ClCompile>
    <ClCompile Include="..\library\caffe\src\caffe\layers\batch_reindex_layer.cpp">
      <Filter>Source Files\caffe\layers</Filter>
    </ClCompile>
    <ClCompile Include="..\library\caffe\src\caffe\layers\bias_layer.cpp">
      <Filter>Source Files\caffe\layers</Filter>
    </ClCompile>
    <ClCompile Include="..\library\caffe\src\caffe\layers\bnll_layer.cpp">
      <Filter>Source Files\caffe\layers</Filter>
    </ClCompile>
    <ClCompile Include="..\library\caffe\src\caffe\layers\concat_layer.cpp">
      <Filter>Source Files\caffe\layers</Filter>
    </ClCompile>
    <ClCompile Include="..\library\caffe\src\caffe\layers\contrastive_loss_layer.cpp">
      <Filter>Source Files\caffe\layers</Filter>
    </ClCompile>
    <ClCompile Include="..\library\caffe\src\caffe\layers\conv_layer.cpp">
      <Filter>Source Files\caffe\layers</Filter>
    </ClCompile>
    <ClCompile Include="..\library\caffe\src\caffe\layers\crop_layer.cpp">
      <Filter>Source Files\caffe\layers</Filter>
    </ClCompile>
    <ClCompile Include="..\library\caffe\src\caffe\layers\cudnn_conv_layer.cpp">
      <Filter>Source Files\caffe\layers</Filter>
    </ClCompile>
    <ClCompile Include="..\library\caffe\src\caffe\layers\cudnn_lcn_layer.cpp">
      <Filter>Source Files\caffe\layers</Filter>
    </ClCompile>
    <ClCompile Include="..\library\caffe\src\caffe\layers\cudnn_lrn_layer.cpp">
      <Filter>Source Files\caffe\layers</Filter>
    </ClCompile>
    <ClCompile Include="..\library\caffe\src\caffe\layers\cudnn_pooling_layer.cpp">
      <Filter>Source Files\caffe\layers</Filter>
    </ClCompile>
    <ClCompile Include="..\library\caffe\src\caffe\layers\cudnn_relu_layer.cpp">
      <Filter>Source Files\caffe\layers</Filter>
    </ClCompile>
    <ClCompile Include="..\library\caffe\src\caffe\layers\cudnn_sigmoid_layer.cpp">
      <Filter>Source Files\caffe\layers</Filter>
    </ClCompile>
    <ClCompile Include="..\library\caffe\src\caffe\layers\cudnn_softmax_layer.cpp">
      <Filter>Source Files\caffe\layers</Filter>
    </ClCompile>
    <ClCompile Include="..\library\caffe\src\caffe\layers\cudnn_tanh_layer.cpp">
      <Filter>Source Files\caffe\layers</Filter>
    </ClCompile>
    <ClCompile Include="..\library\caffe\src\caffe\layers\data_layer.cpp">
      <Filter>Source Files\caffe\layers</Filter>
    </ClCompile>
    <ClCompile Include="..\library\caffe\src\caffe\layers\deconv_layer.cpp">
      <Filter>Source Files\caffe\layers</Filter>
    </ClCompile>
    <ClCompile Include="..\library\caffe\src\caffe\layers\dropout_layer.cpp">
      <Filter>Source Files\caffe\layers</Filter>
    </ClCompile>
    <ClCompile Include="..\library\caffe\src\caffe\layers\dummy_data_layer.cpp">
      <Filter>Source Files\caffe\layers</Filter>
    </ClCompile>
    <ClCompile Include="..\library\caffe\src\caffe\layers\eltwise_layer.cpp">
      <Filter>Source Files\caffe\layers</Filter>
    </ClCompile>
    <ClCompile Include="..\library\caffe\src\caffe\layers\elu_layer.cpp">
      <Filter>Source Files\caffe\layers</Filter>
    </ClCompile>
    <ClCompile Include="..\library\caffe\src\caffe\layers\embed_layer.cpp">
      <Filter>Source Files\caffe\layers</Filter>
    </ClCompile>
    <ClCompile Include="..\library\caffe\src\caffe\layers\euclidean_loss_layer.cpp">
      <Filter>Source Files\caffe\layers</Filter>
    </ClCompile>
    <ClCompile Include="..\library\caffe\src\caffe\layers\exp_layer.cpp">
      <Filter>Source Files\caffe\layers</Filter>
    </ClCompile>
    <ClCompile Include="..\library\caffe\src\caffe\layers\filter_layer.cpp">
      <Filter>Source Files\caffe\layers</Filter>
    </ClCompile>
    <ClCompile Include="..\library\caffe\src\caffe\layers\flatten_layer.cpp">
      <Filter>Source Files\caffe\layers</Filter>
    </ClCompile>
    <ClCompile Include="..\library\caffe\src\caffe\layers\hdf5_data_layer.cpp">
      <Filter>Source Files\caffe\layers</Filter>
    </ClCompile>
    <ClCompile Include="..\library\caffe\src\caffe\layers\hdf5_output_layer.cpp">
      <Filter>Source Files\caffe\layers</Filter>
    </ClCompile>
    <ClCompile Include="..\library\caffe\src\caffe\layers\hinge_loss_layer.cpp">
      <Filter>Source Files\caffe\layers</Filter>
    </ClCompile>
    <ClCompile Include="..\library\caffe\src\caffe\layers\im2col_layer.cpp">
      <Filter>Source Files\caffe\layers</Filter>
    </ClCompile>
    <ClCompile Include="..\library\caffe\src\caffe\layers\image_data_layer.cpp">
      <Filter>Source Files\caffe\layers</Filter>
    </ClCompile>
    <ClCompile Include="..\library\caffe\src\caffe\layers\infogain_loss_layer.cpp">
      <Filter>Source Files\caffe\layers</Filter>
    </ClCompile>
    <ClCompile Include="..\library\caffe\src\caffe\layers\inner_product_layer.cpp">
      <Filter>Source Files\caffe\layers</Filter>
    </ClCompile>
    <ClCompile Include="..\library\caffe\src\caffe\layers\input_layer.cpp">
      <Filter>Source Files\caffe\layers</Filter>
    </ClCompile>
    <ClCompile Include="..\library\caffe\src\caffe\layers\log_layer.cpp">
      <Filter>Source Files\caffe\layers</Filter>
    </ClCompile>
    <ClCompile Include="..\library\caffe\src\caffe\layers\loss_layer.cpp">
      <Filter>Source Files\caffe\layers</Filter>
    </ClCompile>
    <ClCompile Include="..\library\caffe\src\caffe\layers\lrn_layer.cpp">
      <Filter>Source Files\caffe\layers</Filter>
    </ClCompile>
    <ClCompile Include="..\library\caffe\src\caffe\layers\memory_data_layer.cpp">
      <Filter>Source Files\caffe\layers</Filter>
    </ClCompile>
    <ClCompile Include="..\library\caffe\src\caffe\layers\multinomial_logistic_loss_layer.cpp">
      <Filter>Source Files\caffe\layers</Filter>
    </ClCompile>
    <ClCompile Include="..\library\caffe\src\caffe\layers\mvn_layer.cpp">
      <Filter>Source Files\caffe\layers</Filter>
    </ClCompile>
    <ClCompile Include="..\library\caffe\src\caffe\layers\neuron_layer.cpp">
      <Filter>Source Files\caffe\layers</Filter>
    </ClCompile>
    <ClCompile Include="..\library\caffe\src\caffe\layers\pooling_layer.cpp">
      <Filter>Source Files\caffe\layers</Filter>
    </ClCompile>
    <ClCompile Include="..\library\caffe\src\caffe\layers\power_layer.cpp">
      <Filter>Source Files\caffe\layers</Filter>
    </ClCompile>
    <ClCompile Include="..\library\caffe\src\caffe\layers\prelu_layer.cpp">
      <Filter>Source Files\caffe\layers</Filter>
    </ClCompile>
    <ClCompile Include="..\library\caffe\src\caffe\layers\reduction_layer.cpp">
      <Filter>Source Files\caffe\layers</Filter>
    </ClCompile>
    <ClCompile Include="..\library\caffe\src\caffe\layers\relu_layer.cpp">
      <Filter>Source Files\caffe\layers</Filter>
    </ClCompile>
    <ClCompile Include="..\library\caffe\src\caffe\layers\reshape_layer.cpp">
      <Filter>Source Files\caffe\layers</Filter>
    </ClCompile>
    <ClCompile Include="..\library\caffe\src\caffe\layers\scale_layer.cpp">
      <Filter>Source Files\caffe\layers</Filter>
    </ClCompile>
    <ClCompile Include="..\library\caffe\src\caffe\layers\sigmoid_cross_entropy_loss_layer.cpp">
      <Filter>Source Files\caffe\layers</Filter>
    </ClCompile>
    <ClCompile Include="..\library\caffe\src\caffe\layers\sigmoid_layer.cpp">
      <Filter>Source Files\caffe\layers</Filter>
    </ClCompile>
    <ClCompile Include="..\library\caffe\src\caffe\layers\slice_layer.cpp">
      <Filter>Source Files\caffe\layers</Filter>
    </ClCompile>
    <ClCompile Include="..\library\caffe\src\caffe\layers\softmax_layer.cpp">
      <Filter>Source Files\caffe\layers</Filter>
    </ClCompile>
    <ClCompile Include="..\library\caffe\src\caffe\layers\softmax_loss_layer.cpp">
      <Filter>Source Files\caffe\layers</Filter>
    </ClCompile>
    <ClCompile Include="..\library\caffe\src\caffe\layers\split_layer.cpp">
      <Filter>Source Files\caffe\layers</Filter>
    </ClCompile>
    <ClCompile Include="..\library\caffe\src\caffe\layers\spp_layer.cpp">
      <Filter>Source Files\caffe\layers</Filter>
    </ClCompile>
    <ClCompile Include="..\library\caffe\src\caffe\layers\tanh_layer.cpp">
      <Filter>Source Files\caffe\layers</Filter>
    </ClCompile>
    <ClCompile Include="..\library\caffe\src\caffe\layers\threshold_layer.cpp">
      <Filter>Source Files\caffe\layers</Filter>
    </ClCompile>
    <ClCompile Include="..\library\caffe\src\caffe\proto\caffe.pb.cc">
      <Filter>Source Files\caffe\proto</Filter>
    </ClCompile>
    <ClCompile Include="..\library\caffe\src\caffe\proto\caffe_pretty_print.pb.cc">
      <Filter>Source Files\caffe\proto</Filter>
    </ClCompile>
    <ClCompile Include="..\library\caffe\src\caffe\solvers\adam_solver.cpp">
      <Filter>Source Files\caffe\solvers</Filter>
    </ClCompile>
    <ClCompile Include="..\library\caffe\src\caffe\solvers\nesterov_solver.cpp">
      <Filter>Source Files\caffe\solvers</Filter>
    </ClCompile>
    <ClCompile Include="..\library\caffe\src\caffe\solvers\rmsprop_solver.cpp">
      <Filter>Source Files\caffe\solvers</Filter>
    </ClCompile>
    <ClCompile Include="..\library\caffe\src\caffe\solvers\sgd_solver.cpp">
      <Filter>Source Files\caffe\solvers</Filter>
    </ClCompile>
    <ClCompile Include="..\library\caffe\src\caffe\solvers\adadelta_solver.cpp">
      <Filter>Source Files\caffe\solvers</Filter>
    </ClCompile>
    <ClCompile Include="..\library\caffe\src\caffe\solvers\adagrad_solver.cpp">
      <Filter>Source Files\caffe\solvers</Filter>
    </ClCompile>
    <ClCompile Include="..\library\caffe\src\caffe\util\io.cpp">
      <Filter>Source Files\caffe\util</Filter>
    </ClCompile>
    <ClCompile Include="..\library\caffe\src\caffe\util\math_functions.cpp">
      <Filter>Source Files\caffe\util</Filter>
    </ClCompile>
    <ClCompile Include="..\library\caffe\src\caffe\util\upgrade_proto.cpp">
      <Filter>Source Files\caffe\util</Filter>
    </ClCompile>
    <ClCompile Include="..\library\caffe\src\caffe\util\benchmark.cpp">
      <Filter>Source Files\caffe\util</Filter>
    </ClCompile>
    <ClCompile Include="..\library\caffe\src\caffe\util\blocking_queue.cpp">
      <Filter>Source Files\caffe\util</Filter>
    </ClCompile>
    <ClCompile Include="..\library\caffe\src\caffe\util\cudnn.cpp">
      <Filter>Source Files\caffe\util</Filter>
    </ClCompile>
    <ClCompile Include="..\library\caffe\src\caffe\util\db.cpp">
      <Filter>Source Files\caffe\util</Filter>
    </ClCompile>
    <ClCompile Include="..\library\caffe\src\caffe\util\db_leveldb.cpp">
      <Filter>Source Files\caffe\util</Filter>
    </ClCompile>
    <ClCompile Include="..\library\caffe\src\caffe\util\db_lmdb.cpp">
      <Filter>Source Files\caffe\util</Filter>
    </ClCompile>
    <ClCompile Include="..\library\caffe\src\caffe\util\hdf5.cpp">
      <Filter>Source Files\caffe\util</Filter>
    </ClCompile>
    <ClCompile Include="..\library\caffe\src\caffe\util\im2col.cpp">
      <Filter>Source Files\caffe\util</Filter>
    </ClCompile>
    <ClCompile Include="..\library\caffe\src\caffe\util\insert_splits.cpp">
      <Filter>Source Files\caffe\util</Filter>
    </ClCompile>
  </ItemGroup>
  <ItemGroup>
    <ClInclude Include="anim\IKSolver.h">
      <Filter>Source Files\anim</Filter>
    </ClInclude>
    <ClInclude Include="anim\KinCharacter.h">
      <Filter>Source Files\anim</Filter>
    </ClInclude>
    <ClInclude Include="anim\KinTree.h">
      <Filter>Source Files\anim</Filter>
    </ClInclude>
    <ClInclude Include="anim\Motion.h">
      <Filter>Source Files\anim</Filter>
    </ClInclude>
    <ClInclude Include="anim\Character.h">
      <Filter>Source Files\anim</Filter>
    </ClInclude>
    <ClInclude Include="render\DrawObj.h">
      <Filter>Source Files\render</Filter>
    </ClInclude>
    <ClInclude Include="render\DrawUtil.h">
      <Filter>Source Files\render</Filter>
    </ClInclude>
    <ClInclude Include="render\Camera.h">
      <Filter>Source Files\render</Filter>
    </ClInclude>
    <ClInclude Include="scenarios\DrawScenarioSimChar.h">
      <Filter>Source Files\scenarios</Filter>
    </ClInclude>
    <ClInclude Include="scenarios\Scenario.h">
      <Filter>Source Files\scenarios</Filter>
    </ClInclude>
    <ClInclude Include="scenarios\ScenarioSimChar.h">
      <Filter>Source Files\scenarios</Filter>
    </ClInclude>
    <ClInclude Include="scenarios\DrawScenario.h">
      <Filter>Source Files\scenarios</Filter>
    </ClInclude>
    <ClInclude Include="sim\CharController.h">
      <Filter>Source Files\sim</Filter>
    </ClInclude>
    <ClInclude Include="sim\ContactManager.h">
      <Filter>Source Files\sim</Filter>
    </ClInclude>
    <ClInclude Include="sim\Controller.h">
      <Filter>Source Files\sim</Filter>
    </ClInclude>
    <ClInclude Include="sim\DogController.h">
      <Filter>Source Files\sim</Filter>
    </ClInclude>
    <ClInclude Include="sim\FSMController.h">
      <Filter>Source Files\sim</Filter>
    </ClInclude>
    <ClInclude Include="sim\ImpPDController.h">
      <Filter>Source Files\sim</Filter>
    </ClInclude>
    <ClInclude Include="sim\Joint.h">
      <Filter>Source Files\sim</Filter>
    </ClInclude>
    <ClInclude Include="sim\PDController.h">
      <Filter>Source Files\sim</Filter>
    </ClInclude>
    <ClInclude Include="sim\RBDUtil.h">
      <Filter>Source Files\sim</Filter>
    </ClInclude>
    <ClInclude Include="sim\SimBox.h">
      <Filter>Source Files\sim</Filter>
    </ClInclude>
    <ClInclude Include="sim\SimCapsule.h">
      <Filter>Source Files\sim</Filter>
    </ClInclude>
    <ClInclude Include="sim\SimCharacter.h">
      <Filter>Source Files\sim</Filter>
    </ClInclude>
    <ClInclude Include="sim\SimDog.h">
      <Filter>Source Files\sim</Filter>
    </ClInclude>
    <ClInclude Include="sim\SimObj.h">
      <Filter>Source Files\sim</Filter>
    </ClInclude>
    <ClInclude Include="sim\SimPlane.h">
      <Filter>Source Files\sim</Filter>
    </ClInclude>
    <ClInclude Include="sim\World.h">
      <Filter>Source Files\sim</Filter>
    </ClInclude>
    <ClInclude Include="util\FileUtil.h">
      <Filter>Source Files\util</Filter>
    </ClInclude>
    <ClInclude Include="util\IndexManager.h">
      <Filter>Source Files\util</Filter>
    </ClInclude>
    <ClInclude Include="util\MathUtil.h">
      <Filter>Source Files\util</Filter>
    </ClInclude>
    <ClInclude Include="util\Rand.h">
      <Filter>Source Files\util</Filter>
    </ClInclude>
    <ClInclude Include="util\Trajectory.h">
      <Filter>Source Files\util</Filter>
    </ClInclude>
    <ClInclude Include="util\ArgParser.h">
      <Filter>Source Files\util</Filter>
    </ClInclude>
    <ClInclude Include="util\JsonUtil.h">
      <Filter>Source Files\util</Filter>
    </ClInclude>
    <ClInclude Include="sim\RBDModel.h">
      <Filter>Source Files\sim</Filter>
    </ClInclude>
    <ClInclude Include="sim\SpAlg.h">
      <Filter>Source Files\sim</Filter>
    </ClInclude>
    <ClInclude Include="sim\Perturb.h">
      <Filter>Source Files\sim</Filter>
    </ClInclude>
    <ClInclude Include="render\DrawCharacter.h">
      <Filter>Source Files\render</Filter>
    </ClInclude>
    <ClInclude Include="render\DrawKinTree.h">
      <Filter>Source Files\render</Filter>
    </ClInclude>
    <ClInclude Include="render\DrawSimCharacter.h">
      <Filter>Source Files\render</Filter>
    </ClInclude>
    <ClInclude Include="render\DrawPerturb.h">
      <Filter>Source Files\render</Filter>
    </ClInclude>
    <ClInclude Include="render\DrawWorld.h">
      <Filter>Source Files\render</Filter>
    </ClInclude>
    <ClInclude Include="scenarios\DrawScenarioSimInteractive.h">
      <Filter>Source Files\scenarios</Filter>
    </ClInclude>
    <ClInclude Include="sim\PerturbManager.h">
      <Filter>Source Files\sim</Filter>
    </ClInclude>
    <ClInclude Include="sim\Ground.h">
      <Filter>Source Files\sim</Filter>
    </ClInclude>
    <ClInclude Include="render\DrawGround.h">
      <Filter>Source Files\render</Filter>
    </ClInclude>
    <ClInclude Include="sim\GroundVar2D.h">
      <Filter>Source Files\sim</Filter>
    </ClInclude>
    <ClInclude Include="sim\GroundFlat.h">
      <Filter>Source Files\sim</Filter>
    </ClInclude>
    <ClInclude Include="sim\TerrainGen2D.h">
      <Filter>Source Files\sim</Filter>
    </ClInclude>
    <ClInclude Include="scenarios\ScenarioExp.h">
      <Filter>Source Files\scenarios</Filter>
    </ClInclude>
    <ClInclude Include="scenarios\DrawScenarioExp.h">
      <Filter>Source Files\scenarios</Filter>
    </ClInclude>
    <ClInclude Include="learning\ExpTuple.h">
      <Filter>Source Files\learning</Filter>
    </ClInclude>
    <ClInclude Include="sim\NNController.h">
      <Filter>Source Files\sim</Filter>
    </ClInclude>
    <ClInclude Include="learning\QNetTrainer.h">
      <Filter>Source Files\learning</Filter>
    </ClInclude>
    <ClInclude Include="learning\NeuralNet.h">
      <Filter>Source Files\learning</Filter>
    </ClInclude>
    <ClInclude Include="scenarios\ScenarioTrain.h">
      <Filter>Source Files\scenarios</Filter>
    </ClInclude>
    <ClInclude Include="scenarios\DrawScenarioTrain.h">
      <Filter>Source Files\scenarios</Filter>
    </ClInclude>
    <ClInclude Include="sim\SimCharSoftFall.h">
      <Filter>Source Files\sim</Filter>
    </ClInclude>
    <ClInclude Include="scenarios\ScenarioPoliEval.h">
      <Filter>Source Files\scenarios</Filter>
    </ClInclude>
    <ClInclude Include="scenarios\DrawScenarioPoliEval.h">
      <Filter>Source Files\scenarios</Filter>
    </ClInclude>
    <ClInclude Include="sim\CharTracer.h">
      <Filter>Source Files\sim</Filter>
    </ClInclude>
    <ClInclude Include="learning\NeuralNetTrainer.h">
      <Filter>Source Files\learning</Filter>
    </ClInclude>
    <ClInclude Include="learning\CaclaTrainer.h">
      <Filter>Source Files\learning</Filter>
    </ClInclude>
    <ClInclude Include="scenarios\ScenarioTrainCacla.h">
      <Filter>Source Files\scenarios</Filter>
    </ClInclude>
    <ClInclude Include="scenarios\DrawScenarioTrainCacla.h">
      <Filter>Source Files\scenarios</Filter>
    </ClInclude>
    <ClInclude Include="scenarios\ScenarioExpCacla.h">
      <Filter>Source Files\scenarios</Filter>
    </ClInclude>
    <ClInclude Include="scenarios\DrawScenarioExpCacla.h">
      <Filter>Source Files\scenarios</Filter>
    </ClInclude>
    <ClInclude Include="render\TextureDesc.h">
      <Filter>Source Files\render</Filter>
    </ClInclude>
    <ClInclude Include="render\TextureUtil.h">
      <Filter>Source Files\render</Filter>
    </ClInclude>
    <ClInclude Include="sim\SimRaptor.h">
      <Filter>Source Files\sim</Filter>
    </ClInclude>
    <ClInclude Include="sim\RaptorController.h">
      <Filter>Source Files\sim</Filter>
    </ClInclude>
    <ClInclude Include="render\GraphUtil.h">
      <Filter>Source Files\render</Filter>
    </ClInclude>
    <ClInclude Include="sim\BaseControllerQ.h">
      <Filter>Source Files\sim</Filter>
    </ClInclude>
    <ClInclude Include="sim\TerrainRLCharController.h">
      <Filter>Source Files\sim</Filter>
    </ClInclude>
    <ClInclude Include="sim\DogControllerQ.h">
      <Filter>Source Files\sim</Filter>
    </ClInclude>
    <ClInclude Include="sim\DogControllerCacla.h">
      <Filter>Source Files\sim</Filter>
    </ClInclude>
    <ClInclude Include="sim\BaseControllerCacla.h">
      <Filter>Source Files\sim</Filter>
    </ClInclude>
    <ClInclude Include="sim\BaseControllerMACE.h">
      <Filter>Source Files\sim</Filter>
    </ClInclude>
    <ClInclude Include="sim\DogControllerMACE.h">
      <Filter>Source Files\sim</Filter>
    </ClInclude>
    <ClInclude Include="sim\RaptorControllerQ.h">
      <Filter>Source Files\sim</Filter>
    </ClInclude>
    <ClInclude Include="sim\RaptorControllerCacla.h">
      <Filter>Source Files\sim</Filter>
    </ClInclude>
    <ClInclude Include="sim\RaptorControllerMACE.h">
      <Filter>Source Files\sim</Filter>
    </ClInclude>
    <ClInclude Include="sim\GoatControllerMACE.h">
      <Filter>Source Files\sim</Filter>
    </ClInclude>
    <ClInclude Include="scenarios\DrawScenarioTrainMACE.h">
      <Filter>Source Files\scenarios</Filter>
    </ClInclude>
    <ClInclude Include="scenarios\ScenarioExpMACE.h">
      <Filter>Source Files\scenarios</Filter>
    </ClInclude>
    <ClInclude Include="scenarios\ScenarioTrainMACE.h">
      <Filter>Source Files\scenarios</Filter>
    </ClInclude>
    <ClInclude Include="scenarios\DrawScenarioExpMACE.h">
      <Filter>Source Files\scenarios</Filter>
    </ClInclude>
    <ClInclude Include="util\Util.h">
      <Filter>Source Files\util</Filter>
    </ClInclude>
    <ClInclude Include="learning\ACLearner.h">
      <Filter>Source Files\learning</Filter>
    </ClInclude>
    <ClInclude Include="learning\NeuralNetLearner.h">
      <Filter>Source Files\learning</Filter>
    </ClInclude>
    <ClInclude Include="learning\ACTrainer.h">
      <Filter>Source Files\learning</Filter>
    </ClInclude>
    <ClInclude Include="learning\NNSolver.h">
      <Filter>Source Files\learning</Filter>
    </ClInclude>
    <ClInclude Include="learning\TrainerInterface.h">
      <Filter>Source Files\learning</Filter>
    </ClInclude>
    <ClInclude Include="learning\ParamServer.h">
      <Filter>Source Files\learning</Filter>
    </ClInclude>
    <ClInclude Include="learning\AsyncMACETrainer.h">
      <Filter>Source Files\learning</Filter>
    </ClInclude>
    <ClInclude Include="learning\AsyncQNetTrainer.h">
      <Filter>Source Files\learning</Filter>
    </ClInclude>
    <ClInclude Include="learning\AsyncSolver.h">
      <Filter>Source Files\learning</Filter>
    </ClInclude>
    <ClInclude Include="learning\AsyncTrainer.h">
      <Filter>Source Files\learning</Filter>
    </ClInclude>
    <ClInclude Include="learning\AsyncACTrainer.h">
      <Filter>Source Files\learning</Filter>
    </ClInclude>
    <ClInclude Include="learning\AsyncCaclaTrainer.h">
      <Filter>Source Files\learning</Filter>
    </ClInclude>
    <ClInclude Include="..\library\caffe\src\caffe\proto\caffe_pretty_print.pb.h">
      <Filter>Source Files\caffe\proto</Filter>
    </ClInclude>
    <ClInclude Include="..\library\caffe\src\caffe\proto\caffe.pb.h">
      <Filter>Source Files\caffe\proto</Filter>
    </ClInclude>
  </ItemGroup>
  <ItemGroup>
    <None Include="render\shaders\FinalComposite_PS.glsl">
      <Filter>Source Files\render\shaders</Filter>
    </None>
    <None Include="render\shaders\FullScreenQuad_VS.glsl">
      <Filter>Source Files\render\shaders</Filter>
    </None>
    <None Include="render\shaders\FXAA_PS.glsl">
      <Filter>Source Files\render\shaders</Filter>
    </None>
    <None Include="render\shaders\Lighting_PS.glsl">
      <Filter>Source Files\render\shaders</Filter>
    </None>
    <None Include="render\shaders\Luminance_PS.glsl">
      <Filter>Source Files\render\shaders</Filter>
    </None>
    <None Include="render\shaders\Mesh_VS.glsl">
      <Filter>Source Files\render\shaders</Filter>
    </None>
    <None Include="render\shaders\SkyBox_PS.glsl">
      <Filter>Source Files\render\shaders</Filter>
    </None>
    <None Include="render\shaders\SkyBox_VS.glsl">
      <Filter>Source Files\render\shaders</Filter>
    </None>
    <None Include="render\shaders\BloomComposite_PS.glsl">
      <Filter>Source Files\render\shaders</Filter>
    </None>
    <None Include="render\shaders\Blur_PS.glsl">
      <Filter>Source Files\render\shaders</Filter>
    </None>
    <None Include="render\shaders\BrightPass_PS.glsl">
      <Filter>Source Files\render\shaders</Filter>
    </None>
    <None Include="render\shaders\Crepuscular_PS.glsl">
      <Filter>Source Files\render\shaders</Filter>
    </None>
    <None Include="render\shaders\Depth_PS.glsl">
      <Filter>Source Files\render\shaders</Filter>
    </None>
    <None Include="render\shaders\DownSample_PS.glsl">
      <Filter>Source Files\render\shaders</Filter>
    </None>
    <None Include="render\shaders\HBAO_PS.glsl">
      <Filter>Source Files\render\shaders</Filter>
    </None>
    <None Include="render\shaders\GBuffer_PS.glsl">
      <Filter>Source Files\render\shaders</Filter>
    </None>
    <None Include="render\shaders\SSR_PS.glsl">
      <Filter>Source Files\render\shaders</Filter>
    </None>
    <None Include="render\shaders\ApplySSR_PS.glsl">
      <Filter>Source Files\render\shaders</Filter>
    </None>
  </ItemGroup>
</Project>